
Microsoft Visual Studio Solution File, Format Version 12.00
# Visual Studio Version 17
VisualStudioVersion = 17.5.33516.290
MinimumVisualStudioVersion = 10.0.40219.1
Project("{2150E333-8FDC-42A3-9474-1A3956D46DE8}") = "src", "src", "{E6169DA6-C126-4330-B3BA-8894B6A3249C}"
EndProject
Project("{2150E333-8FDC-42A3-9474-1A3956D46DE8}") = "UI", "UI", "{D1F0453A-6B64-48B2-B217-F3B4F37FFD0D}"
EndProject
Project("{2150E333-8FDC-42A3-9474-1A3956D46DE8}") = "Core", "Core", "{F4CC0601-C4E6-49C5-8A9E-E804D79BAD24}"
EndProject
Project("{2150E333-8FDC-42A3-9474-1A3956D46DE8}") = "Infrastructure", "Infrastructure", "{9473CF7C-6A4A-49BB-A1D2-B50767D6A877}"
EndProject
Project("{9A19103F-16F7-4668-BE54-9A1E7A4F7556}") = "Invo.izin.Yönetim.Sistemi.Caching", "Invo.izin.Yönetim.Sistemi.Caching\Invo.izin.Yönetim.Sistemi.Caching.csproj", "{E431BB86-B692-4793-9960-29C7220E49EF}"
EndProject
Project("{9A19103F-16F7-4668-BE54-9A1E7A4F7556}") = "Invo.izin.Yönetim.Sistemi.Identity", "Invo.izin.Yönetim.Sistemi.Identity\Invo.izin.Yönetim.Sistemi.Identity.csproj", "{E1B12A87-FEF2-4167-99A9-903E27BAAF51}"
EndProject
Project("{9A19103F-16F7-4668-BE54-9A1E7A4F7556}") = "Invo.izin.Yönetim.Sistemi.Logging", "Invo.izin.Yönetim.Sistemi.Logging\Invo.izin.Yönetim.Sistemi.Logging.csproj", "{1112A0B6-A0FA-428F-8012-7F183D775790}"
EndProject
Project("{9A19103F-16F7-4668-BE54-9A1E7A4F7556}") = "Invo.izin.Yönetim.Sistemi.Persistance", "Invo.izin.Yönetim.Sistemi.Persistance\Invo.izin.Yönetim.Sistemi.Persistance.csproj", "{C468ADA7-D0C0-4E9D-BDE1-67E9EE286D71}"
EndProject
Project("{9A19103F-16F7-4668-BE54-9A1E7A4F7556}") = "Invo.izin.Yönetim.Sistemi.Domain", "Invo.izin.Yönetim.Sistemi.Domain\Invo.izin.Yönetim.Sistemi.Domain.csproj", "{025F796C-5326-4ECC-BCED-063C0515AF39}"
EndProject
Project("{9A19103F-16F7-4668-BE54-9A1E7A4F7556}") = "Invo.izin.Yönetim.Sistemi.Application", "Invo.izin.Yönetim.Sistemi.Application\Invo.izin.Yönetim.Sistemi.Application.csproj", "{179B3377-7A71-4BA8-95B9-852EBDEB4936}"
EndProject
Project("{9A19103F-16F7-4668-BE54-9A1E7A4F7556}") = "Invo.izin.Yönetim.Sistemi.WebAPI", "Invo.izin.Yönetim.Sistemi.WebAPI\Invo.izin.Yönetim.Sistemi.WebAPI.csproj", "{0D1DC9D6-B399-468D-B0F6-62843CB8A596}"
EndProject
Project("{9A19103F-16F7-4668-BE54-9A1E7A4F7556}") = "Invo.izin.Yönetim.Sistemi.Web.MVC", "Invo.izin.Yönetim.Sistemi.Web.MVC\Invo.izin.Yönetim.Sistemi.Web.MVC.csproj", "{FB0A7C41-46B2-4483-9C1D-AFF6F05CBE20}"
EndProject
Project("{9A19103F-16F7-4668-BE54-9A1E7A4F7556}") = "Invo.izin.Yönetim.Sistemi.Helper", "Invo.izin.Yönetim.Sistemi.Helper\Invo.izin.Yönetim.Sistemi.Helper.csproj", "{18CE0332-C03D-49CE-9270-ED413CD6BDC5}"
EndProject
Project("{9A19103F-16F7-4668-BE54-9A1E7A4F7556}") = "Invo.izin.Yönetim.Sistemi.Messages", "Invo.izin.Yönetim.Sistemi.Messages\Invo.izin.Yönetim.Sistemi.Messages.csproj", "{088C8FEC-F076-4088-9046-4F6E02F68D31}"
EndProject
Project("{FAE04EC0-301F-11D3-BF4B-00C04F79EFBC}") = "Invo.izin.Yönetim.Sistemi.Mailing", "Invo.izin.Yönetim.Sistemi.Mailing\Invo.izin.Yönetim.Sistemi.Mailing.csproj", "{61263CCD-D793-4617-ADBB-83B827997E2B}"
EndProject
Global
	GlobalSection(SolutionConfigurationPlatforms) = preSolution
		Debug|Any CPU = Debug|Any CPU
		Release|Any CPU = Release|Any CPU
	EndGlobalSection
	GlobalSection(ProjectConfigurationPlatforms) = postSolution
		{E431BB86-B692-4793-9960-29C7220E49EF}.Debug|Any CPU.ActiveCfg = Debug|Any CPU
		{E431BB86-B692-4793-9960-29C7220E49EF}.Debug|Any CPU.Build.0 = Debug|Any CPU
		{E431BB86-B692-4793-9960-29C7220E49EF}.Release|Any CPU.ActiveCfg = Release|Any CPU
		{E431BB86-B692-4793-9960-29C7220E49EF}.Release|Any CPU.Build.0 = Release|Any CPU
		{E1B12A87-FEF2-4167-99A9-903E27BAAF51}.Debug|Any CPU.ActiveCfg = Debug|Any CPU
		{E1B12A87-FEF2-4167-99A9-903E27BAAF51}.Debug|Any CPU.Build.0 = Debug|Any CPU
		{E1B12A87-FEF2-4167-99A9-903E27BAAF51}.Release|Any CPU.ActiveCfg = Release|Any CPU
		{E1B12A87-FEF2-4167-99A9-903E27BAAF51}.Release|Any CPU.Build.0 = Release|Any CPU
		{1112A0B6-A0FA-428F-8012-7F183D775790}.Debug|Any CPU.ActiveCfg = Debug|Any CPU
		{1112A0B6-A0FA-428F-8012-7F183D775790}.Debug|Any CPU.Build.0 = Debug|Any CPU
		{1112A0B6-A0FA-428F-8012-7F183D775790}.Release|Any CPU.ActiveCfg = Release|Any CPU
		{1112A0B6-A0FA-428F-8012-7F183D775790}.Release|Any CPU.Build.0 = Release|Any CPU
		{C468ADA7-D0C0-4E9D-BDE1-67E9EE286D71}.Debug|Any CPU.ActiveCfg = Debug|Any CPU
		{C468ADA7-D0C0-4E9D-BDE1-67E9EE286D71}.Debug|Any CPU.Build.0 = Debug|Any CPU
		{C468ADA7-D0C0-4E9D-BDE1-67E9EE286D71}.Release|Any CPU.ActiveCfg = Release|Any CPU
		{C468ADA7-D0C0-4E9D-BDE1-67E9EE286D71}.Release|Any CPU.Build.0 = Release|Any CPU
		{025F796C-5326-4ECC-BCED-063C0515AF39}.Debug|Any CPU.ActiveCfg = Debug|Any CPU
		{025F796C-5326-4ECC-BCED-063C0515AF39}.Debug|Any CPU.Build.0 = Debug|Any CPU
		{025F796C-5326-4ECC-BCED-063C0515AF39}.Release|Any CPU.ActiveCfg = Release|Any CPU
		{025F796C-5326-4ECC-BCED-063C0515AF39}.Release|Any CPU.Build.0 = Release|Any CPU
		{179B3377-7A71-4BA8-95B9-852EBDEB4936}.Debug|Any CPU.ActiveCfg = Debug|Any CPU
		{179B3377-7A71-4BA8-95B9-852EBDEB4936}.Debug|Any CPU.Build.0 = Debug|Any CPU
		{179B3377-7A71-4BA8-95B9-852EBDEB4936}.Release|Any CPU.ActiveCfg = Release|Any CPU
		{179B3377-7A71-4BA8-95B9-852EBDEB4936}.Release|Any CPU.Build.0 = Release|Any CPU
		{0D1DC9D6-B399-468D-B0F6-62843CB8A596}.Debug|Any CPU.ActiveCfg = Debug|Any CPU
		{0D1DC9D6-B399-468D-B0F6-62843CB8A596}.Debug|Any CPU.Build.0 = Debug|Any CPU
		{0D1DC9D6-B399-468D-B0F6-62843CB8A596}.Release|Any CPU.ActiveCfg = Release|Any CPU
		{0D1DC9D6-B399-468D-B0F6-62843CB8A596}.Release|Any CPU.Build.0 = Release|Any CPU
		{FB0A7C41-46B2-4483-9C1D-AFF6F05CBE20}.Debug|Any CPU.ActiveCfg = Debug|Any CPU
		{FB0A7C41-46B2-4483-9C1D-AFF6F05CBE20}.Debug|Any CPU.Build.0 = Debug|Any CPU
		{FB0A7C41-46B2-4483-9C1D-AFF6F05CBE20}.Release|Any CPU.ActiveCfg = Release|Any CPU
		{FB0A7C41-46B2-4483-9C1D-AFF6F05CBE20}.Release|Any CPU.Build.0 = Release|Any CPU
		{18CE0332-C03D-49CE-9270-ED413CD6BDC5}.Debug|Any CPU.ActiveCfg = Debug|Any CPU
		{18CE0332-C03D-49CE-9270-ED413CD6BDC5}.Debug|Any CPU.Build.0 = Debug|Any CPU
		{18CE0332-C03D-49CE-9270-ED413CD6BDC5}.Release|Any CPU.ActiveCfg = Release|Any CPU
		{18CE0332-C03D-49CE-9270-ED413CD6BDC5}.Release|Any CPU.Build.0 = Release|Any CPU
		{088C8FEC-F076-4088-9046-4F6E02F68D31}.Debug|Any CPU.ActiveCfg = Debug|Any CPU
		{088C8FEC-F076-4088-9046-4F6E02F68D31}.Debug|Any CPU.Build.0 = Debug|Any CPU
		{088C8FEC-F076-4088-9046-4F6E02F68D31}.Release|Any CPU.ActiveCfg = Release|Any CPU
		{088C8FEC-F076-4088-9046-4F6E02F68D31}.Release|Any CPU.Build.0 = Release|Any CPU
		{61263CCD-D793-4617-ADBB-83B827997E2B}.Debug|Any CPU.ActiveCfg = Debug|Any CPU
		{61263CCD-D793-4617-ADBB-83B827997E2B}.Debug|Any CPU.Build.0 = Debug|Any CPU
		{61263CCD-D793-4617-ADBB-83B827997E2B}.Release|Any CPU.ActiveCfg = Release|Any CPU
		{61263CCD-D793-4617-ADBB-83B827997E2B}.Release|Any CPU.Build.0 = Release|Any CPU
	EndGlobalSection
	GlobalSection(SolutionProperties) = preSolution
		HideSolutionNode = FALSE
	EndGlobalSection
	GlobalSection(NestedProjects) = preSolution
		{D1F0453A-6B64-48B2-B217-F3B4F37FFD0D} = {E6169DA6-C126-4330-B3BA-8894B6A3249C}
		{F4CC0601-C4E6-49C5-8A9E-E804D79BAD24} = {E6169DA6-C126-4330-B3BA-8894B6A3249C}
		{9473CF7C-6A4A-49BB-A1D2-B50767D6A877} = {E6169DA6-C126-4330-B3BA-8894B6A3249C}
		{E431BB86-B692-4793-9960-29C7220E49EF} = {9473CF7C-6A4A-49BB-A1D2-B50767D6A877}
		{E1B12A87-FEF2-4167-99A9-903E27BAAF51} = {9473CF7C-6A4A-49BB-A1D2-B50767D6A877}
		{1112A0B6-A0FA-428F-8012-7F183D775790} = {9473CF7C-6A4A-49BB-A1D2-B50767D6A877}
		{C468ADA7-D0C0-4E9D-BDE1-67E9EE286D71} = {9473CF7C-6A4A-49BB-A1D2-B50767D6A877}
		{025F796C-5326-4ECC-BCED-063C0515AF39} = {F4CC0601-C4E6-49C5-8A9E-E804D79BAD24}
		{179B3377-7A71-4BA8-95B9-852EBDEB4936} = {F4CC0601-C4E6-49C5-8A9E-E804D79BAD24}
		{0D1DC9D6-B399-468D-B0F6-62843CB8A596} = {D1F0453A-6B64-48B2-B217-F3B4F37FFD0D}
		{FB0A7C41-46B2-4483-9C1D-AFF6F05CBE20} = {D1F0453A-6B64-48B2-B217-F3B4F37FFD0D}
		{18CE0332-C03D-49CE-9270-ED413CD6BDC5} = {9473CF7C-6A4A-49BB-A1D2-B50767D6A877}
		{088C8FEC-F076-4088-9046-4F6E02F68D31} = {9473CF7C-6A4A-49BB-A1D2-B50767D6A877}
		{61263CCD-D793-4617-ADBB-83B827997E2B} = {9473CF7C-6A4A-49BB-A1D2-B50767D6A877}
	EndGlobalSection
	GlobalSection(ExtensibilityGlobals) = postSolution
		SolutionGuid = {842643C5-F815-4C4F-A175-D53130531D06}
	EndGlobalSection
EndGlobal
